
Microsoft Visual Studio Solution File, Format Version 12.00
# Visual Studio Version 17
VisualStudioVersion = 17.9.34622.214
MinimumVisualStudioVersion = 10.0.40219.1
Project("{FAE04EC0-301F-11D3-BF4B-00C04F79EFBC}") = "SecureWebSite.Server", "SecureWebSite.Server\SecureWebSite.Server.csproj", "{2C82BB2C-713C-4BC0-8F1C-8D25A8E665C5}"
EndProject
Project("{54A90642-561A-4BB1-A94E-469ADEE60C69}") = "securewebsite.client", "securewebsite.client\securewebsite.client.esproj", "{DBF25038-2F3B-4C3D-AABC-304595B55E45}"
EndProject
Global
	GlobalSection(SolutionConfigurationPlatforms) = preSolution
		Debug|Any CPU = Debug|Any CPU
		Release|Any CPU = Release|Any CPU
	EndGlobalSection
	GlobalSection(ProjectConfigurationPlatforms) = postSolution
		{2C82BB2C-713C-4BC0-8F1C-8D25A8E665C5}.Debug|Any CPU.ActiveCfg = Debug|Any CPU
		{2C82BB2C-713C-4BC0-8F1C-8D25A8E665C5}.Debug|Any CPU.Build.0 = Debug|Any CPU
		{2C82BB2C-713C-4BC0-8F1C-8D25A8E665C5}.Release|Any CPU.ActiveCfg = Release|Any CPU
		{2C82BB2C-713C-4BC0-8F1C-8D25A8E665C5}.Release|Any CPU.Build.0 = Release|Any CPU
		{DBF25038-2F3B-4C3D-AABC-304595B55E45}.Debug|Any CPU.ActiveCfg = Debug|Any CPU
		{DBF25038-2F3B-4C3D-AABC-304595B55E45}.Debug|Any CPU.Build.0 = Debug|Any CPU
		{DBF25038-2F3B-4C3D-AABC-304595B55E45}.Debug|Any CPU.Deploy.0 = Debug|Any CPU
		{DBF25038-2F3B-4C3D-AABC-304595B55E45}.Release|Any CPU.ActiveCfg = Release|Any CPU
		{DBF25038-2F3B-4C3D-AABC-304595B55E45}.Release|Any CPU.Build.0 = Release|Any CPU
		{DBF25038-2F3B-4C3D-AABC-304595B55E45}.Release|Any CPU.Deploy.0 = Release|Any CPU
	EndGlobalSection
	GlobalSection(SolutionProperties) = preSolution
		HideSolutionNode = FALSE
	EndGlobalSection
	GlobalSection(ExtensibilityGlobals) = postSolution
		SolutionGuid = {B81B2A53-C20D-43E1-92E5-399CE35EF15B}
	EndGlobalSection
EndGlobal
